
Microsoft Visual Studio Solution File, Format Version 12.00
# Visual Studio Version 17
VisualStudioVersion = 17.10.35013.160
MinimumVisualStudioVersion = 10.0.40219.1
Project("{9A19103F-16F7-4668-BE54-9A1E7A4F7556}") = "WebThoiTrang", "WebThoiTrang\WebThoiTrang.csproj", "{0450F92A-2246-4603-BF45-3164CA40F54C}"
EndProject
Project("{9A19103F-16F7-4668-BE54-9A1E7A4F7556}") = "Data", "Data\Data.csproj", "{44964FB1-62CE-46CD-B0EB-39203A111CF1}"
EndProject
Global
	GlobalSection(SolutionConfigurationPlatforms) = preSolution
		Debug|Any CPU = Debug|Any CPU
		Release|Any CPU = Release|Any CPU
	EndGlobalSection
	GlobalSection(ProjectConfigurationPlatforms) = postSolution
		{0450F92A-2246-4603-BF45-3164CA40F54C}.Debug|Any CPU.ActiveCfg = Debug|Any CPU
		{0450F92A-2246-4603-BF45-3164CA40F54C}.Debug|Any CPU.Build.0 = Debug|Any CPU
		{0450F92A-2246-4603-BF45-3164CA40F54C}.Release|Any CPU.ActiveCfg = Release|Any CPU
		{0450F92A-2246-4603-BF45-3164CA40F54C}.Release|Any CPU.Build.0 = Release|Any CPU
		{44964FB1-62CE-46CD-B0EB-39203A111CF1}.Debug|Any CPU.ActiveCfg = Debug|Any CPU
		{44964FB1-62CE-46CD-B0EB-39203A111CF1}.Debug|Any CPU.Build.0 = Debug|Any CPU
		{44964FB1-62CE-46CD-B0EB-39203A111CF1}.Release|Any CPU.ActiveCfg = Release|Any CPU
		{44964FB1-62CE-46CD-B0EB-39203A111CF1}.Release|Any CPU.Build.0 = Release|Any CPU
	EndGlobalSection
	GlobalSection(SolutionProperties) = preSolution
		HideSolutionNode = FALSE
	EndGlobalSection
	GlobalSection(ExtensibilityGlobals) = postSolution
		SolutionGuid = {0F276C28-0ACC-4087-B5BF-1609DEE2BAF3}
	EndGlobalSection
EndGlobal
